
Microsoft Visual Studio Solution File, Format Version 12.00
# Visual Studio 15
VisualStudioVersion = 15.0.26124.0
MinimumVisualStudioVersion = 15.0.26124.0
Project("{FAE04EC0-301F-11D3-BF4B-00C04F79EFBC}") = "VSCDatabase", "VSCDatabase\VSCDatabase.csproj", "{E418B5D5-3250-41DE-AB1C-2788CD8C02FB}"
EndProject
Project("{FAE04EC0-301F-11D3-BF4B-00C04F79EFBC}") = "VSCDatabase.Tests", "VSCDatabase.Tests\VSCDatabase.Tests.csproj", "{0A40A61C-6003-462F-B9BF-AC5A83497F62}"
EndProject
Global
	GlobalSection(SolutionConfigurationPlatforms) = preSolution
		Debug|Any CPU = Debug|Any CPU
		Debug|x64 = Debug|x64
		Debug|x86 = Debug|x86
		Release|Any CPU = Release|Any CPU
		Release|x64 = Release|x64
		Release|x86 = Release|x86
	EndGlobalSection
	GlobalSection(SolutionProperties) = preSolution
		HideSolutionNode = FALSE
	EndGlobalSection
	GlobalSection(ProjectConfigurationPlatforms) = postSolution
		{E418B5D5-3250-41DE-AB1C-2788CD8C02FB}.Debug|Any CPU.ActiveCfg = Debug|Any CPU
		{E418B5D5-3250-41DE-AB1C-2788CD8C02FB}.Debug|Any CPU.Build.0 = Debug|Any CPU
		{E418B5D5-3250-41DE-AB1C-2788CD8C02FB}.Debug|x64.ActiveCfg = Debug|Any CPU
		{E418B5D5-3250-41DE-AB1C-2788CD8C02FB}.Debug|x64.Build.0 = Debug|Any CPU
		{E418B5D5-3250-41DE-AB1C-2788CD8C02FB}.Debug|x86.ActiveCfg = Debug|Any CPU
		{E418B5D5-3250-41DE-AB1C-2788CD8C02FB}.Debug|x86.Build.0 = Debug|Any CPU
		{E418B5D5-3250-41DE-AB1C-2788CD8C02FB}.Release|Any CPU.ActiveCfg = Release|Any CPU
		{E418B5D5-3250-41DE-AB1C-2788CD8C02FB}.Release|Any CPU.Build.0 = Release|Any CPU
		{E418B5D5-3250-41DE-AB1C-2788CD8C02FB}.Release|x64.ActiveCfg = Release|Any CPU
		{E418B5D5-3250-41DE-AB1C-2788CD8C02FB}.Release|x64.Build.0 = Release|Any CPU
		{E418B5D5-3250-41DE-AB1C-2788CD8C02FB}.Release|x86.ActiveCfg = Release|Any CPU
		{E418B5D5-3250-41DE-AB1C-2788CD8C02FB}.Release|x86.Build.0 = Release|Any CPU
		{0A40A61C-6003-462F-B9BF-AC5A83497F62}.Debug|Any CPU.ActiveCfg = Debug|Any CPU
		{0A40A61C-6003-462F-B9BF-AC5A83497F62}.Debug|Any CPU.Build.0 = Debug|Any CPU
		{0A40A61C-6003-462F-B9BF-AC5A83497F62}.Debug|x64.ActiveCfg = Debug|Any CPU
		{0A40A61C-6003-462F-B9BF-AC5A83497F62}.Debug|x64.Build.0 = Debug|Any CPU
		{0A40A61C-6003-462F-B9BF-AC5A83497F62}.Debug|x86.ActiveCfg = Debug|Any CPU
		{0A40A61C-6003-462F-B9BF-AC5A83497F62}.Debug|x86.Build.0 = Debug|Any CPU
		{0A40A61C-6003-462F-B9BF-AC5A83497F62}.Release|Any CPU.ActiveCfg = Release|Any CPU
		{0A40A61C-6003-462F-B9BF-AC5A83497F62}.Release|Any CPU.Build.0 = Release|Any CPU
		{0A40A61C-6003-462F-B9BF-AC5A83497F62}.Release|x64.ActiveCfg = Release|Any CPU
		{0A40A61C-6003-462F-B9BF-AC5A83497F62}.Release|x64.Build.0 = Release|Any CPU
		{0A40A61C-6003-462F-B9BF-AC5A83497F62}.Release|x86.ActiveCfg = Release|Any CPU
		{0A40A61C-6003-462F-B9BF-AC5A83497F62}.Release|x86.Build.0 = Release|Any CPU
	EndGlobalSection
EndGlobal
